{
	"name": "uni-admin 基础框架（原名 uniCloud admin）",
	"version": "2.4.25",
	"lockfileVersion": 3,
	"requires": true,
	"packages": {
		"": {
			"name": "uni-admin 基础框架（原名 uniCloud admin）",
			"version": "2.4.25",
			"license": "MIT",
			"dependencies": {
				"dayjs": "^1.11.13",
				"vue-cropper": "^1.1.4"
			},
			"engines": {
				"HBuilderX": "^3.6.0"
			}
		},
		"node_modules/dayjs": {
			"version": "1.11.13",
			"resolved": "https://registry.npmjs.org/dayjs/-/dayjs-1.11.13.tgz",
			"integrity": "sha512-oaMBel6gjolK862uaPQOVTA7q3TZhuSvuMQAAglQDOWYO9A91IrAOUJEyKVlqJlHE0vq5p5UXxzdPfMH/x6xNg==",
			"license": "MIT"
		},
		"node_modules/vue-cropper": {
			"version": "1.1.4",
			"resolved": "https://registry.npmjs.org/vue-cropper/-/vue-cropper-1.1.4.tgz",
			"integrity": "sha512-5m98vBsCEI9rbS4JxELxXidtAui3qNyTHLHg67Qbn7g8cg+E6LcnC+hh3SM/p94x6mFh6KRxT1ttnta+wCYqWA==",
			"license": "ISC"
		}
	}
}
