{
	"name": "uni-admin 基础框架（原名 uniCloud admin）",
	"version": "2.4.23",
	"lockfileVersion": 3,
	"requires": true,
	"packages": {
		"": {
			"name": "uni-admin 基础框架（原名 uniCloud admin）",
			"version": "2.4.23",
			"license": "MIT",
			"dependencies": {
				"@wangeditor-next/editor": "^5.6.27",
				"@wangeditor-next/editor-for-vue": "^5.1.14",
				"dayjs": "^1.11.13",
				"vue-cropper": "^1.1.4",
				"vue-draggable-next": "^2.2.1"
			},
			"engines": {
				"HBuilderX": "^3.6.0"
			}
		},
		"node_modules/@babel/helper-string-parser": {
			"version": "7.25.9",
			"resolved": "https://registry.npmjs.org/@babel/helper-string-parser/-/helper-string-parser-7.25.9.tgz",
			"integrity": "sha512-4A/SCr/2KLd5jrtOMFzaKjVtAei3+2r/NChoBNoZ3EyP/+GlhoaEGoWOZUmFmoITP7zOJyHIMm+DYRd8o3PvHA==",
			"license": "MIT",
			"peer": true,
			"engines": {
				"node": ">=6.9.0"
			}
		},
		"node_modules/@babel/helper-validator-identifier": {
			"version": "7.25.9",
			"resolved": "https://registry.npmjs.org/@babel/helper-validator-identifier/-/helper-validator-identifier-7.25.9.tgz",
			"integrity": "sha512-Ed61U6XJc3CVRfkERJWDz4dJwKe7iLmmJsbOGu9wSloNSFttHV0I8g6UAgb7qnK5ly5bGLPd4oXZlxCdANBOWQ==",
			"license": "MIT",
			"peer": true,
			"engines": {
				"node": ">=6.9.0"
			}
		},
		"node_modules/@babel/parser": {
			"version": "7.26.3",
			"resolved": "https://registry.npmjs.org/@babel/parser/-/parser-7.26.3.tgz",
			"integrity": "sha512-WJ/CvmY8Mea8iDXo6a7RK2wbmJITT5fN3BEkRuFlxVyNx8jOKIIhmC4fSkTcPcf8JyavbBwIe6OpiCOBXt/IcA==",
			"license": "MIT",
			"peer": true,
			"dependencies": {
				"@babel/types": "^7.26.3"
			},
			"bin": {
				"parser": "bin/babel-parser.js"
			},
			"engines": {
				"node": ">=6.0.0"
			}
		},
		"node_modules/@babel/runtime": {
			"version": "7.26.0",
			"resolved": "https://registry.npmmirror.com/@babel/runtime/-/runtime-7.26.0.tgz",
			"integrity": "sha512-FDSOghenHTiToteC/QRlv2q3DhPZ/oOXTBoirfWNx1Cx3TMVcGWQtMMmQcSvb/JjpNeGzx8Pq/b4fKEJuWm1sw==",
			"license": "MIT",
			"dependencies": {
				"regenerator-runtime": "^0.14.0"
			},
			"engines": {
				"node": ">=6.9.0"
			}
		},
		"node_modules/@babel/types": {
			"version": "7.26.3",
			"resolved": "https://registry.npmjs.org/@babel/types/-/types-7.26.3.tgz",
			"integrity": "sha512-vN5p+1kl59GVKMvTHt55NzzmYVxprfJD+ql7U9NFIfKCBkYE55LYtS+WtPlaYOyzydrKI8Nezd+aZextrd+FMA==",
			"license": "MIT",
			"peer": true,
			"dependencies": {
				"@babel/helper-string-parser": "^7.25.9",
				"@babel/helper-validator-identifier": "^7.25.9"
			},
			"engines": {
				"node": ">=6.9.0"
			}
		},
		"node_modules/@jridgewell/sourcemap-codec": {
			"version": "1.5.0",
			"resolved": "https://registry.npmjs.org/@jridgewell/sourcemap-codec/-/sourcemap-codec-1.5.0.tgz",
			"integrity": "sha512-gv3ZRaISU3fjPAgNsriBRqGWQL6quFx04YMPW/zD8XMLsU32mhCCbfbO6KZFLjvYpCZ8zyDEgqsgf+PwPaM7GQ==",
			"license": "MIT",
			"peer": true
		},
		"node_modules/@transloadit/prettier-bytes": {
			"version": "0.0.7",
			"resolved": "https://registry.npmmirror.com/@transloadit/prettier-bytes/-/prettier-bytes-0.0.7.tgz",
			"integrity": "sha512-VeJbUb0wEKbcwaSlj5n+LscBl9IPgLPkHVGBkh00cztv6X4L/TJXK58LzFuBKX7/GAfiGhIwH67YTLTlzvIzBA==",
			"license": "MIT"
		},
		"node_modules/@types/event-emitter": {
			"version": "0.3.5",
			"resolved": "https://registry.npmmirror.com/@types/event-emitter/-/event-emitter-0.3.5.tgz",
			"integrity": "sha512-zx2/Gg0Eg7gwEiOIIh5w9TrhKKTeQh7CPCOPNc0el4pLSwzebA8SmnHwZs2dWlLONvyulykSwGSQxQHLhjGLvQ==",
			"license": "MIT"
		},
		"node_modules/@uppy/companion-client": {
			"version": "2.2.2",
			"resolved": "https://registry.npmmirror.com/@uppy/companion-client/-/companion-client-2.2.2.tgz",
			"integrity": "sha512-5mTp2iq97/mYSisMaBtFRry6PTgZA6SIL7LePteOV5x0/DxKfrZW3DEiQERJmYpHzy7k8johpm2gHnEKto56Og==",
			"license": "MIT",
			"dependencies": {
				"@uppy/utils": "^4.1.2",
				"namespace-emitter": "^2.0.1"
			}
		},
		"node_modules/@uppy/core": {
			"version": "2.3.4",
			"resolved": "https://registry.npmmirror.com/@uppy/core/-/core-2.3.4.tgz",
			"integrity": "sha512-iWAqppC8FD8mMVqewavCz+TNaet6HPXitmGXpGGREGrakZ4FeuWytVdrelydzTdXx6vVKkOmI2FLztGg73sENQ==",
			"license": "MIT",
			"dependencies": {
				"@transloadit/prettier-bytes": "0.0.7",
				"@uppy/store-default": "^2.1.1",
				"@uppy/utils": "^4.1.3",
				"lodash.throttle": "^4.1.1",
				"mime-match": "^1.0.2",
				"namespace-emitter": "^2.0.1",
				"nanoid": "^3.1.25",
				"preact": "^10.5.13"
			}
		},
		"node_modules/@uppy/store-default": {
			"version": "2.1.1",
			"resolved": "https://registry.npmmirror.com/@uppy/store-default/-/store-default-2.1.1.tgz",
			"integrity": "sha512-xnpTxvot2SeAwGwbvmJ899ASk5tYXhmZzD/aCFsXePh/v8rNvR2pKlcQUH7cF/y4baUGq3FHO/daKCok/mpKqQ==",
			"license": "MIT"
		},
		"node_modules/@uppy/utils": {
			"version": "4.1.3",
			"resolved": "https://registry.npmmirror.com/@uppy/utils/-/utils-4.1.3.tgz",
			"integrity": "sha512-nTuMvwWYobnJcytDO3t+D6IkVq/Qs4Xv3vyoEZ+Iaf8gegZP+rEyoaFT2CK5XLRMienPyqRqNbIfRuFaOWSIFw==",
			"license": "MIT",
			"dependencies": {
				"lodash.throttle": "^4.1.1"
			}
		},
		"node_modules/@uppy/xhr-upload": {
			"version": "2.1.3",
			"resolved": "https://registry.npmmirror.com/@uppy/xhr-upload/-/xhr-upload-2.1.3.tgz",
			"integrity": "sha512-YWOQ6myBVPs+mhNjfdWsQyMRWUlrDLMoaG7nvf/G6Y3GKZf8AyjFDjvvJ49XWQ+DaZOftGkHmF1uh/DBeGivJQ==",
			"license": "MIT",
			"dependencies": {
				"@uppy/companion-client": "^2.2.2",
				"@uppy/utils": "^4.1.2",
				"nanoid": "^3.1.25"
			},
			"peerDependencies": {
				"@uppy/core": "^2.3.3"
			}
		},
		"node_modules/@vue/compiler-core": {
			"version": "3.5.13",
			"resolved": "https://registry.npmjs.org/@vue/compiler-core/-/compiler-core-3.5.13.tgz",
			"integrity": "sha512-oOdAkwqUfW1WqpwSYJce06wvt6HljgY3fGeM9NcVA1HaYOij3mZG9Rkysn0OHuyUAGMbEbARIpsG+LPVlBJ5/Q==",
			"license": "MIT",
			"peer": true,
			"dependencies": {
				"@babel/parser": "^7.25.3",
				"@vue/shared": "3.5.13",
				"entities": "^4.5.0",
				"estree-walker": "^2.0.2",
				"source-map-js": "^1.2.0"
			}
		},
		"node_modules/@vue/compiler-dom": {
			"version": "3.5.13",
			"resolved": "https://registry.npmjs.org/@vue/compiler-dom/-/compiler-dom-3.5.13.tgz",
			"integrity": "sha512-ZOJ46sMOKUjO3e94wPdCzQ6P1Lx/vhp2RSvfaab88Ajexs0AHeV0uasYhi99WPaogmBlRHNRuly8xV75cNTMDA==",
			"license": "MIT",
			"peer": true,
			"dependencies": {
				"@vue/compiler-core": "3.5.13",
				"@vue/shared": "3.5.13"
			}
		},
		"node_modules/@vue/compiler-sfc": {
			"version": "3.5.13",
			"resolved": "https://registry.npmjs.org/@vue/compiler-sfc/-/compiler-sfc-3.5.13.tgz",
			"integrity": "sha512-6VdaljMpD82w6c2749Zhf5T9u5uLBWKnVue6XWxprDobftnletJ8+oel7sexFfM3qIxNmVE7LSFGTpv6obNyaQ==",
			"license": "MIT",
			"peer": true,
			"dependencies": {
				"@babel/parser": "^7.25.3",
				"@vue/compiler-core": "3.5.13",
				"@vue/compiler-dom": "3.5.13",
				"@vue/compiler-ssr": "3.5.13",
				"@vue/shared": "3.5.13",
				"estree-walker": "^2.0.2",
				"magic-string": "^0.30.11",
				"postcss": "^8.4.48",
				"source-map-js": "^1.2.0"
			}
		},
		"node_modules/@vue/compiler-ssr": {
			"version": "3.5.13",
			"resolved": "https://registry.npmjs.org/@vue/compiler-ssr/-/compiler-ssr-3.5.13.tgz",
			"integrity": "sha512-wMH6vrYHxQl/IybKJagqbquvxpWCuVYpoUJfCqFZwa/JY1GdATAQ+TgVtgrwwMZ0D07QhA99rs/EAAWfvG6KpA==",
			"license": "MIT",
			"peer": true,
			"dependencies": {
				"@vue/compiler-dom": "3.5.13",
				"@vue/shared": "3.5.13"
			}
		},
		"node_modules/@vue/reactivity": {
			"version": "3.5.13",
			"resolved": "https://registry.npmjs.org/@vue/reactivity/-/reactivity-3.5.13.tgz",
			"integrity": "sha512-NaCwtw8o48B9I6L1zl2p41OHo/2Z4wqYGGIK1Khu5T7yxrn+ATOixn/Udn2m+6kZKB/J7cuT9DbWWhRxqixACg==",
			"license": "MIT",
			"peer": true,
			"dependencies": {
				"@vue/shared": "3.5.13"
			}
		},
		"node_modules/@vue/runtime-core": {
			"version": "3.5.13",
			"resolved": "https://registry.npmjs.org/@vue/runtime-core/-/runtime-core-3.5.13.tgz",
			"integrity": "sha512-Fj4YRQ3Az0WTZw1sFe+QDb0aXCerigEpw418pw1HBUKFtnQHWzwojaukAs2X/c9DQz4MQ4bsXTGlcpGxU/RCIw==",
			"license": "MIT",
			"peer": true,
			"dependencies": {
				"@vue/reactivity": "3.5.13",
				"@vue/shared": "3.5.13"
			}
		},
		"node_modules/@vue/runtime-dom": {
			"version": "3.5.13",
			"resolved": "https://registry.npmjs.org/@vue/runtime-dom/-/runtime-dom-3.5.13.tgz",
			"integrity": "sha512-dLaj94s93NYLqjLiyFzVs9X6dWhTdAlEAciC3Moq7gzAc13VJUdCnjjRurNM6uTLFATRHexHCTu/Xp3eW6yoog==",
			"license": "MIT",
			"peer": true,
			"dependencies": {
				"@vue/reactivity": "3.5.13",
				"@vue/runtime-core": "3.5.13",
				"@vue/shared": "3.5.13",
				"csstype": "^3.1.3"
			}
		},
		"node_modules/@vue/server-renderer": {
			"version": "3.5.13",
			"resolved": "https://registry.npmjs.org/@vue/server-renderer/-/server-renderer-3.5.13.tgz",
			"integrity": "sha512-wAi4IRJV/2SAW3htkTlB+dHeRmpTiVIK1OGLWV1yeStVSebSQQOwGwIq0D3ZIoBj2C2qpgz5+vX9iEBkTdk5YA==",
			"license": "MIT",
			"peer": true,
			"dependencies": {
				"@vue/compiler-ssr": "3.5.13",
				"@vue/shared": "3.5.13"
			},
			"peerDependencies": {
				"vue": "3.5.13"
			}
		},
		"node_modules/@vue/shared": {
			"version": "3.5.13",
			"resolved": "https://registry.npmjs.org/@vue/shared/-/shared-3.5.13.tgz",
			"integrity": "sha512-/hnE/qP5ZoGpol0a5mDi45bOd7t3tjYJBjsgCsivow7D48cJeV5l05RD82lPqi7gRiphZM37rnhW1l6ZoCNNnQ==",
			"license": "MIT",
			"peer": true
		},
		"node_modules/@wangeditor-next/editor": {
			"version": "5.6.27",
			"resolved": "https://registry.npmmirror.com/@wangeditor-next/editor/-/editor-5.6.27.tgz",
			"integrity": "sha512-i6T7H8BXBQ3c73KRUyy4s+UoJ4SOt8pEjt63oHmE/P6kORtZJ8C1QulryRjN9WYky3ZjSwv4Luo0Re2ClXayfA==",
			"license": "MIT",
			"dependencies": {
				"@uppy/core": "^2.1.1",
				"@uppy/xhr-upload": "^2.0.3",
				"@wangeditor-next/basic-modules": "~1.5.29",
				"@wangeditor-next/code-highlight": "~1.3.26",
				"@wangeditor-next/core": "~1.7.29",
				"@wangeditor-next/list-module": "~1.1.35",
				"@wangeditor-next/table-module": "~1.6.38",
				"@wangeditor-next/upload-image-module": "~1.1.32",
				"@wangeditor-next/video-module": "~1.3.35",
				"dom7": "^4.0.0",
				"is-hotkey": "^0.2.0",
				"lodash.camelcase": "^4.3.0",
				"lodash.clonedeep": "^4.5.0",
				"lodash.debounce": "^4.0.8",
				"lodash.foreach": "^4.5.0",
				"lodash.isequal": "^4.5.0",
				"lodash.throttle": "^4.1.1",
				"lodash.toarray": "^4.4.0",
				"nanoid": "^5.0.0",
				"slate": "^0.72.0",
				"snabbdom": "^3.1.0"
			}
		},
		"node_modules/@wangeditor-next/editor-for-vue": {
			"version": "5.1.14",
			"resolved": "https://registry.npmmirror.com/@wangeditor-next/editor-for-vue/-/editor-for-vue-5.1.14.tgz",
			"integrity": "sha512-Xkrdo590AhLHvzyR+U246t6T89nIWHz1weAgMuo8jEA2HS5RiUnsA4U6+iUGaQ2E5c8mYQaeNqzHQXUp9Okbiw==",
			"license": "MIT",
			"peerDependencies": {
				"@wangeditor-next/editor": ">=5.1.0",
				"vue": "^3.0.5"
			}
		},
		"node_modules/@wangeditor-next/editor/node_modules/@wangeditor-next/basic-modules": {
			"version": "1.5.29",
			"resolved": "https://registry.npmmirror.com/@wangeditor-next/basic-modules/-/basic-modules-1.5.29.tgz",
			"integrity": "sha512-GjcdCWN7OMnfDMGyeSl33Y/f2i7pKahIQwrqLFGXEAfd3bnzevsSYQFJCRQSeVX0Jo0/REJKyEAC0Nvy5ecSmw==",
			"license": "MIT",
			"dependencies": {
				"is-url": "^1.2.4"
			},
			"peerDependencies": {
				"@wangeditor-next/core": "1.7.29",
				"dom7": "^3.0.0 || ^4.0.0",
				"lodash.throttle": "^4.1.1",
				"nanoid": "^5.0.0",
				"slate": "^0.72.0",
				"snabbdom": "^3.1.0"
			}
		},
		"node_modules/@wangeditor-next/editor/node_modules/@wangeditor-next/code-highlight": {
			"version": "1.3.26",
			"resolved": "https://registry.npmmirror.com/@wangeditor-next/code-highlight/-/code-highlight-1.3.26.tgz",
			"integrity": "sha512-fis/CPTyhW2Gp0Z2h6rA1RB3vW+pVEPtlFe5M7e1ynQraYNiaaVf/tDYlma2y6pXlvZ+4wcaDdbQrmybyYZ5rw==",
			"license": "MIT",
			"dependencies": {
				"prismjs": "^1.23.0"
			},
			"peerDependencies": {
				"@wangeditor-next/core": "1.7.29",
				"dom7": "^3.0.0 || ^4.0.0",
				"slate": "^0.72.0",
				"snabbdom": "^3.1.0"
			}
		},
		"node_modules/@wangeditor-next/editor/node_modules/@wangeditor-next/core": {
			"version": "1.7.29",
			"resolved": "https://registry.npmmirror.com/@wangeditor-next/core/-/core-1.7.29.tgz",
			"integrity": "sha512-hHYQpOzukc2FCW7EAV4pkx1xa5/BPlETjA4h6XdS/mGrTQSXiLalSQgIweyTjiQu0Z9Pdfh0x4aijNh/bSzNSg==",
			"license": "MIT",
			"dependencies": {
				"@types/event-emitter": "^0.3.3",
				"event-emitter": "^0.3.5",
				"html-void-elements": "^3.0.0",
				"i18next": "^23.0.0",
				"scroll-into-view-if-needed": "^3.0.0",
				"slate-history": "^0.109.0"
			},
			"peerDependencies": {
				"@uppy/core": "^2.1.1",
				"@uppy/xhr-upload": "^2.0.3",
				"dom7": "^3.0.0 || ^4.0.0",
				"is-hotkey": "^0.2.0",
				"lodash.camelcase": "^4.3.0",
				"lodash.clonedeep": "^4.5.0",
				"lodash.debounce": "^4.0.8",
				"lodash.foreach": "^4.5.0",
				"lodash.isequal": "^4.5.0",
				"lodash.throttle": "^4.1.1",
				"lodash.toarray": "^4.4.0",
				"nanoid": "^5.0.0",
				"slate": "^0.72.0",
				"snabbdom": "^3.1.0"
			}
		},
		"node_modules/@wangeditor-next/editor/node_modules/@wangeditor-next/list-module": {
			"version": "1.1.35",
			"resolved": "https://registry.npmmirror.com/@wangeditor-next/list-module/-/list-module-1.1.35.tgz",
			"integrity": "sha512-6mW9diRYgsqTdyXMeoCMx6u9nHlpENFGAdR4YEjfQEr6s4kMtiKLOdNipStZZKOYJuRIpsNS6QJo52pgMkXYKg==",
			"license": "MIT",
			"peerDependencies": {
				"@wangeditor-next/core": "1.7.29",
				"dom7": "^3.0.0 || ^4.0.0",
				"slate": "^0.72.0",
				"snabbdom": "^3.1.0"
			}
		},
		"node_modules/@wangeditor-next/editor/node_modules/@wangeditor-next/table-module": {
			"version": "1.6.38",
			"resolved": "https://registry.npmmirror.com/@wangeditor-next/table-module/-/table-module-1.6.38.tgz",
			"integrity": "sha512-3xt3G4ZiIAntuqesIuE0V7L822EXGAn4AoRcVz8hsL4XWRCAltcuhdvyVzIKF5ACyYW9dmFwkCLD4dI9C/7USw==",
			"license": "MIT",
			"peerDependencies": {
				"@wangeditor-next/core": "1.7.29",
				"dom7": "^3.0.0 || ^4.0.0",
				"lodash.debounce": "^4.0.8",
				"lodash.isequal": "^4.5.0",
				"lodash.throttle": "^4.1.1",
				"nanoid": "^5.0.0",
				"slate": "^0.72.0",
				"snabbdom": "^3.1.0"
			}
		},
		"node_modules/@wangeditor-next/editor/node_modules/@wangeditor-next/upload-image-module": {
			"version": "1.1.32",
			"resolved": "https://registry.npmmirror.com/@wangeditor-next/upload-image-module/-/upload-image-module-1.1.32.tgz",
			"integrity": "sha512-duqE6qBsjFwcZhx46TOxs7Oh9PXUvdwk0nzr3jVPGdxhXOLy1JzXwi3aDBtLPm/8dzkdj8vGsm19BohFeCjhzg==",
			"license": "MIT",
			"peerDependencies": {
				"@uppy/core": "^2.0.3",
				"@uppy/xhr-upload": "^2.0.3",
				"@wangeditor-next/basic-modules": "1.5.29",
				"@wangeditor-next/core": "1.7.29",
				"dom7": "^3.0.0 || ^4.0.0",
				"lodash.foreach": "^4.5.0",
				"slate": "^0.72.0",
				"snabbdom": "^3.1.0"
			}
		},
		"node_modules/@wangeditor-next/editor/node_modules/@wangeditor-next/video-module": {
			"version": "1.3.35",
			"resolved": "https://registry.npmmirror.com/@wangeditor-next/video-module/-/video-module-1.3.35.tgz",
			"integrity": "sha512-yNr2Hh5HABYgBlvUe5tKzrrv0CkVohgwjLaQfQPc2MOZD38nHhmW0L5YywIUPtTCXxAsyzTAwtx5nWe+2XoPPg==",
			"license": "MIT",
			"peerDependencies": {
				"@uppy/core": "^2.1.4",
				"@uppy/xhr-upload": "^2.0.7",
				"@wangeditor-next/core": "1.7.29",
				"dom7": "^3.0.0 || ^4.0.0",
				"nanoid": "^5.0.0",
				"slate": "^0.72.0",
				"snabbdom": "^3.1.0"
			}
		},
		"node_modules/@wangeditor-next/editor/node_modules/nanoid": {
			"version": "5.0.9",
			"resolved": "https://registry.npmmirror.com/nanoid/-/nanoid-5.0.9.tgz",
			"integrity": "sha512-Aooyr6MXU6HpvvWXKoVoXwKMs/KyVakWwg7xQfv5/S/RIgJMy0Ifa45H9qqYy7pTCszrHzP21Uk4PZq2HpEM8Q==",
			"funding": [
				{
					"type": "github",
					"url": "https://github.com/sponsors/ai"
				}
			],
			"license": "MIT",
			"bin": {
				"nanoid": "bin/nanoid.js"
			},
			"engines": {
				"node": "^18 || >=20"
			}
		},
		"node_modules/compute-scroll-into-view": {
			"version": "3.1.0",
			"resolved": "https://registry.npmmirror.com/compute-scroll-into-view/-/compute-scroll-into-view-3.1.0.tgz",
			"integrity": "sha512-rj8l8pD4bJ1nx+dAkMhV1xB5RuZEyVysfxJqB1pRchh1KVvwOv9b7CGB8ZfjTImVv2oF+sYMUkMZq6Na5Ftmbg==",
			"license": "MIT"
		},
		"node_modules/csstype": {
			"version": "3.1.3",
			"resolved": "https://registry.npmjs.org/csstype/-/csstype-3.1.3.tgz",
			"integrity": "sha512-M1uQkMl8rQK/szD0LNhtqxIPLpimGm8sOBwU7lLnCpSbTyY3yeU1Vc7l4KT5zT4s/yOxHH5O7tIuuLOCnLADRw==",
			"license": "MIT",
			"peer": true
		},
		"node_modules/d": {
			"version": "1.0.2",
			"resolved": "https://registry.npmmirror.com/d/-/d-1.0.2.tgz",
			"integrity": "sha512-MOqHvMWF9/9MX6nza0KgvFH4HpMU0EF5uUDXqX/BtxtU8NfB0QzRtJ8Oe/6SuS4kbhyzVJwjd97EA4PKrzJ8bw==",
			"license": "ISC",
			"dependencies": {
				"es5-ext": "^0.10.64",
				"type": "^2.7.2"
			},
			"engines": {
				"node": ">=0.12"
			}
		},
		"node_modules/dayjs": {
			"version": "1.11.13",
			"resolved": "https://registry.npmjs.org/dayjs/-/dayjs-1.11.13.tgz",
			"integrity": "sha512-oaMBel6gjolK862uaPQOVTA7q3TZhuSvuMQAAglQDOWYO9A91IrAOUJEyKVlqJlHE0vq5p5UXxzdPfMH/x6xNg==",
			"license": "MIT"
		},
		"node_modules/dom7": {
			"version": "4.0.6",
			"resolved": "https://registry.npmmirror.com/dom7/-/dom7-4.0.6.tgz",
			"integrity": "sha512-emjdpPLhpNubapLFdjNL9tP06Sr+GZkrIHEXLWvOGsytACUrkbeIdjO5g77m00BrHTznnlcNqgmn7pCN192TBA==",
			"license": "MIT",
			"dependencies": {
				"ssr-window": "^4.0.0"
			}
		},
		"node_modules/entities": {
			"version": "4.5.0",
			"resolved": "https://registry.npmjs.org/entities/-/entities-4.5.0.tgz",
			"integrity": "sha512-V0hjH4dGPh9Ao5p0MoRY6BVqtwCjhz6vI5LT8AJ55H+4g9/4vbHx1I54fS0XuclLhDHArPQCiMjDxjaL8fPxhw==",
			"license": "BSD-2-Clause",
			"peer": true,
			"engines": {
				"node": ">=0.12"
			},
			"funding": {
				"url": "https://github.com/fb55/entities?sponsor=1"
			}
		},
		"node_modules/es5-ext": {
			"version": "0.10.64",
			"resolved": "https://registry.npmmirror.com/es5-ext/-/es5-ext-0.10.64.tgz",
			"integrity": "sha512-p2snDhiLaXe6dahss1LddxqEm+SkuDvV8dnIQG0MWjyHpcMNfXKPE+/Cc0y+PhxJX3A4xGNeFCj5oc0BUh6deg==",
			"hasInstallScript": true,
			"license": "ISC",
			"dependencies": {
				"es6-iterator": "^2.0.3",
				"es6-symbol": "^3.1.3",
				"esniff": "^2.0.1",
				"next-tick": "^1.1.0"
			},
			"engines": {
				"node": ">=0.10"
			}
		},
		"node_modules/es6-iterator": {
			"version": "2.0.3",
			"resolved": "https://registry.npmmirror.com/es6-iterator/-/es6-iterator-2.0.3.tgz",
			"integrity": "sha512-zw4SRzoUkd+cl+ZoE15A9o1oQd920Bb0iOJMQkQhl3jNc03YqVjAhG7scf9C5KWRU/R13Orf588uCC6525o02g==",
			"license": "MIT",
			"dependencies": {
				"d": "1",
				"es5-ext": "^0.10.35",
				"es6-symbol": "^3.1.1"
			}
		},
		"node_modules/es6-symbol": {
			"version": "3.1.4",
			"resolved": "https://registry.npmmirror.com/es6-symbol/-/es6-symbol-3.1.4.tgz",
			"integrity": "sha512-U9bFFjX8tFiATgtkJ1zg25+KviIXpgRvRHS8sau3GfhVzThRQrOeksPeT0BWW2MNZs1OEWJ1DPXOQMn0KKRkvg==",
			"license": "ISC",
			"dependencies": {
				"d": "^1.0.2",
				"ext": "^1.7.0"
			},
			"engines": {
				"node": ">=0.12"
			}
		},
		"node_modules/esniff": {
			"version": "2.0.1",
			"resolved": "https://registry.npmmirror.com/esniff/-/esniff-2.0.1.tgz",
			"integrity": "sha512-kTUIGKQ/mDPFoJ0oVfcmyJn4iBDRptjNVIzwIFR7tqWXdVI9xfA2RMwY/gbSpJG3lkdWNEjLap/NqVHZiJsdfg==",
			"license": "ISC",
			"dependencies": {
				"d": "^1.0.1",
				"es5-ext": "^0.10.62",
				"event-emitter": "^0.3.5",
				"type": "^2.7.2"
			},
			"engines": {
				"node": ">=0.10"
			}
		},
		"node_modules/estree-walker": {
			"version": "2.0.2",
			"resolved": "https://registry.npmjs.org/estree-walker/-/estree-walker-2.0.2.tgz",
			"integrity": "sha512-Rfkk/Mp/DL7JVje3u18FxFujQlTNR2q6QfMSMB7AvCBx91NGj/ba3kCfza0f6dVDbw7YlRf/nDrn7pQrCCyQ/w==",
			"license": "MIT",
			"peer": true
		},
		"node_modules/event-emitter": {
			"version": "0.3.5",
			"resolved": "https://registry.npmmirror.com/event-emitter/-/event-emitter-0.3.5.tgz",
			"integrity": "sha512-D9rRn9y7kLPnJ+hMq7S/nhvoKwwvVJahBi2BPmx3bvbsEdK3W9ii8cBSGjP+72/LnM4n6fo3+dkCX5FeTQruXA==",
			"license": "MIT",
			"dependencies": {
				"d": "1",
				"es5-ext": "~0.10.14"
			}
		},
		"node_modules/ext": {
			"version": "1.7.0",
			"resolved": "https://registry.npmmirror.com/ext/-/ext-1.7.0.tgz",
			"integrity": "sha512-6hxeJYaL110a9b5TEJSj0gojyHQAmA2ch5Os+ySCiA1QGdS697XWY1pzsrSjqA9LDEEgdB/KypIlR59RcLuHYw==",
			"license": "ISC",
			"dependencies": {
				"type": "^2.7.2"
			}
		},
		"node_modules/html-void-elements": {
			"version": "3.0.0",
			"resolved": "https://registry.npmmirror.com/html-void-elements/-/html-void-elements-3.0.0.tgz",
			"integrity": "sha512-bEqo66MRXsUGxWHV5IP0PUiAWwoEjba4VCzg0LjFJBpchPaTfyfCKTG6bc5F8ucKec3q5y6qOdGyYTSBEvhCrg==",
			"license": "MIT",
			"funding": {
				"type": "github",
				"url": "https://github.com/sponsors/wooorm"
			}
		},
		"node_modules/i18next": {
			"version": "23.16.8",
			"resolved": "https://registry.npmmirror.com/i18next/-/i18next-23.16.8.tgz",
			"integrity": "sha512-06r/TitrM88Mg5FdUXAKL96dJMzgqLE5dv3ryBAra4KCwD9mJ4ndOTS95ZuymIGoE+2hzfdaMak2X11/es7ZWg==",
			"funding": [
				{
					"type": "individual",
					"url": "https://locize.com"
				},
				{
					"type": "individual",
					"url": "https://locize.com/i18next.html"
				},
				{
					"type": "individual",
					"url": "https://www.i18next.com/how-to/faq#i18next-is-awesome.-how-can-i-support-the-project"
				}
			],
			"license": "MIT",
			"dependencies": {
				"@babel/runtime": "^7.23.2"
			}
		},
		"node_modules/immer": {
			"version": "9.0.21",
			"resolved": "https://registry.npmmirror.com/immer/-/immer-9.0.21.tgz",
			"integrity": "sha512-bc4NBHqOqSfRW7POMkHd51LvClaeMXpm8dx0e8oE2GORbq5aRK7Bxl4FyzVLdGtLmvLKL7BTDBG5ACQm4HWjTA==",
			"license": "MIT",
			"funding": {
				"type": "opencollective",
				"url": "https://opencollective.com/immer"
			}
		},
		"node_modules/is-hotkey": {
			"version": "0.2.0",
			"resolved": "https://registry.npmmirror.com/is-hotkey/-/is-hotkey-0.2.0.tgz",
			"integrity": "sha512-UknnZK4RakDmTgz4PI1wIph5yxSs/mvChWs9ifnlXsKuXgWmOkY/hAE0H/k2MIqH0RlRye0i1oC07MCRSD28Mw==",
			"license": "MIT"
		},
		"node_modules/is-plain-object": {
			"version": "5.0.0",
			"resolved": "https://registry.npmmirror.com/is-plain-object/-/is-plain-object-5.0.0.tgz",
			"integrity": "sha512-VRSzKkbMm5jMDoKLbltAkFQ5Qr7VDiTFGXxYFXXowVj387GeGNOCsOH6Msy00SGZ3Fp84b1Naa1psqgcCIEP5Q==",
			"license": "MIT",
			"engines": {
				"node": ">=0.10.0"
			}
		},
		"node_modules/is-url": {
			"version": "1.2.4",
			"resolved": "https://registry.npmmirror.com/is-url/-/is-url-1.2.4.tgz",
			"integrity": "sha512-ITvGim8FhRiYe4IQ5uHSkj7pVaPDrCTkNd3yq3cV7iZAcJdHTUMPMEHcqSOy9xZ9qFenQCvi+2wjH9a1nXqHww==",
			"license": "MIT"
		},
		"node_modules/lodash.camelcase": {
			"version": "4.3.0",
			"resolved": "https://registry.npmmirror.com/lodash.camelcase/-/lodash.camelcase-4.3.0.tgz",
			"integrity": "sha512-TwuEnCnxbc3rAvhf/LbG7tJUDzhqXyFnv3dtzLOPgCG/hODL7WFnsbwktkD7yUV0RrreP/l1PALq/YSg6VvjlA==",
			"license": "MIT"
		},
		"node_modules/lodash.clonedeep": {
			"version": "4.5.0",
			"resolved": "https://registry.npmmirror.com/lodash.clonedeep/-/lodash.clonedeep-4.5.0.tgz",
			"integrity": "sha512-H5ZhCF25riFd9uB5UCkVKo61m3S/xZk1x4wA6yp/L3RFP6Z/eHH1ymQcGLo7J3GMPfm0V/7m1tryHuGVxpqEBQ==",
			"license": "MIT"
		},
		"node_modules/lodash.debounce": {
			"version": "4.0.8",
			"resolved": "https://registry.npmmirror.com/lodash.debounce/-/lodash.debounce-4.0.8.tgz",
			"integrity": "sha512-FT1yDzDYEoYWhnSGnpE/4Kj1fLZkDFyqRb7fNt6FdYOSxlUWAtp42Eh6Wb0rGIv/m9Bgo7x4GhQbm5Ys4SG5ow==",
			"license": "MIT"
		},
		"node_modules/lodash.foreach": {
			"version": "4.5.0",
			"resolved": "https://registry.npmmirror.com/lodash.foreach/-/lodash.foreach-4.5.0.tgz",
			"integrity": "sha512-aEXTF4d+m05rVOAUG3z4vZZ4xVexLKZGF0lIxuHZ1Hplpk/3B6Z1+/ICICYRLm7c41Z2xiejbkCkJoTlypoXhQ==",
			"license": "MIT"
		},
		"node_modules/lodash.isequal": {
			"version": "4.5.0",
			"resolved": "https://registry.npmmirror.com/lodash.isequal/-/lodash.isequal-4.5.0.tgz",
			"integrity": "sha512-pDo3lu8Jhfjqls6GkMgpahsF9kCyayhgykjyLMNFTKWrpVdAQtYyB4muAMWozBB4ig/dtWAmsMxLEI8wuz+DYQ==",
			"license": "MIT"
		},
		"node_modules/lodash.throttle": {
			"version": "4.1.1",
			"resolved": "https://registry.npmmirror.com/lodash.throttle/-/lodash.throttle-4.1.1.tgz",
			"integrity": "sha512-wIkUCfVKpVsWo3JSZlc+8MB5it+2AN5W8J7YVMST30UrvcQNZ1Okbj+rbVniijTWE6FGYy4XJq/rHkas8qJMLQ==",
			"license": "MIT"
		},
		"node_modules/lodash.toarray": {
			"version": "4.4.0",
			"resolved": "https://registry.npmmirror.com/lodash.toarray/-/lodash.toarray-4.4.0.tgz",
			"integrity": "sha512-QyffEA3i5dma5q2490+SgCvDN0pXLmRGSyAANuVi0HQ01Pkfr9fuoKQW8wm1wGBnJITs/mS7wQvS6VshUEBFCw==",
			"license": "MIT"
		},
		"node_modules/magic-string": {
			"version": "0.30.14",
			"resolved": "https://registry.npmjs.org/magic-string/-/magic-string-0.30.14.tgz",
			"integrity": "sha512-5c99P1WKTed11ZC0HMJOj6CDIue6F8ySu+bJL+85q1zBEIY8IklrJ1eiKC2NDRh3Ct3FcvmJPyQHb9erXMTJNw==",
			"license": "MIT",
			"peer": true,
			"dependencies": {
				"@jridgewell/sourcemap-codec": "^1.5.0"
			}
		},
		"node_modules/mime-match": {
			"version": "1.0.2",
			"resolved": "https://registry.npmmirror.com/mime-match/-/mime-match-1.0.2.tgz",
			"integrity": "sha512-VXp/ugGDVh3eCLOBCiHZMYWQaTNUHv2IJrut+yXA6+JbLPXHglHwfS/5A5L0ll+jkCY7fIzRJcH6OIunF+c6Cg==",
			"license": "ISC",
			"dependencies": {
				"wildcard": "^1.1.0"
			}
		},
		"node_modules/namespace-emitter": {
			"version": "2.0.1",
			"resolved": "https://registry.npmmirror.com/namespace-emitter/-/namespace-emitter-2.0.1.tgz",
			"integrity": "sha512-N/sMKHniSDJBjfrkbS/tpkPj4RAbvW3mr8UAzvlMHyun93XEm83IAvhWtJVHo+RHn/oO8Job5YN4b+wRjSVp5g==",
			"license": "MIT"
		},
		"node_modules/nanoid": {
			"version": "3.3.8",
			"resolved": "https://registry.npmjs.org/nanoid/-/nanoid-3.3.8.tgz",
			"integrity": "sha512-WNLf5Sd8oZxOm+TzppcYk8gVOgP+l58xNy58D0nbUnOxOWRWvlcCV4kUF7ltmI6PsrLl/BgKEyS4mqsGChFN0w==",
			"funding": [
				{
					"type": "github",
					"url": "https://github.com/sponsors/ai"
				}
			],
			"license": "MIT",
			"bin": {
				"nanoid": "bin/nanoid.cjs"
			},
			"engines": {
				"node": "^10 || ^12 || ^13.7 || ^14 || >=15.0.1"
			}
		},
		"node_modules/next-tick": {
			"version": "1.1.0",
			"resolved": "https://registry.npmmirror.com/next-tick/-/next-tick-1.1.0.tgz",
			"integrity": "sha512-CXdUiJembsNjuToQvxayPZF9Vqht7hewsvy2sOWafLvi2awflj9mOC6bHIg50orX8IJvWKY9wYQ/zB2kogPslQ==",
			"license": "ISC"
		},
		"node_modules/picocolors": {
			"version": "1.1.1",
			"resolved": "https://registry.npmjs.org/picocolors/-/picocolors-1.1.1.tgz",
			"integrity": "sha512-xceH2snhtb5M9liqDsmEw56le376mTZkEX/jEb/RxNFyegNul7eNslCXP9FDj/Lcu0X8KEyMceP2ntpaHrDEVA==",
			"license": "ISC",
			"peer": true
		},
		"node_modules/postcss": {
			"version": "8.4.49",
			"resolved": "https://registry.npmjs.org/postcss/-/postcss-8.4.49.tgz",
			"integrity": "sha512-OCVPnIObs4N29kxTjzLfUryOkvZEq+pf8jTF0lg8E7uETuWHA+v7j3c/xJmiqpX450191LlmZfUKkXxkTry7nA==",
			"funding": [
				{
					"type": "opencollective",
					"url": "https://opencollective.com/postcss/"
				},
				{
					"type": "tidelift",
					"url": "https://tidelift.com/funding/github/npm/postcss"
				},
				{
					"type": "github",
					"url": "https://github.com/sponsors/ai"
				}
			],
			"license": "MIT",
			"peer": true,
			"dependencies": {
				"nanoid": "^3.3.7",
				"picocolors": "^1.1.1",
				"source-map-js": "^1.2.1"
			},
			"engines": {
				"node": "^10 || ^12 || >=14"
			}
		},
		"node_modules/preact": {
			"version": "10.25.4",
			"resolved": "https://registry.npmmirror.com/preact/-/preact-10.25.4.tgz",
			"integrity": "sha512-jLdZDb+Q+odkHJ+MpW/9U5cODzqnB+fy2EiHSZES7ldV5LK7yjlVzTp7R8Xy6W6y75kfK8iWYtFVH7lvjwrCMA==",
			"license": "MIT",
			"funding": {
				"type": "opencollective",
				"url": "https://opencollective.com/preact"
			}
		},
		"node_modules/prismjs": {
			"version": "1.29.0",
			"resolved": "https://registry.npmmirror.com/prismjs/-/prismjs-1.29.0.tgz",
			"integrity": "sha512-Kx/1w86q/epKcmte75LNrEoT+lX8pBpavuAbvJWRXar7Hz8jrtF+e3vY751p0R8H9HdArwaCTNDDzHg/ScJK1Q==",
			"license": "MIT",
			"engines": {
				"node": ">=6"
			}
		},
		"node_modules/regenerator-runtime": {
			"version": "0.14.1",
			"resolved": "https://registry.npmmirror.com/regenerator-runtime/-/regenerator-runtime-0.14.1.tgz",
			"integrity": "sha512-dYnhHh0nJoMfnkZs6GmmhFknAGRrLznOu5nc9ML+EJxGvrx6H7teuevqVqCuPcPK//3eDrrjQhehXVx9cnkGdw==",
			"license": "MIT"
		},
		"node_modules/scroll-into-view-if-needed": {
			"version": "3.1.0",
			"resolved": "https://registry.npmmirror.com/scroll-into-view-if-needed/-/scroll-into-view-if-needed-3.1.0.tgz",
			"integrity": "sha512-49oNpRjWRvnU8NyGVmUaYG4jtTkNonFZI86MmGRDqBphEK2EXT9gdEUoQPZhuBM8yWHxCWbobltqYO5M4XrUvQ==",
			"license": "MIT",
			"dependencies": {
				"compute-scroll-into-view": "^3.0.2"
			}
		},
		"node_modules/slate": {
			"version": "0.72.8",
			"resolved": "https://registry.npmmirror.com/slate/-/slate-0.72.8.tgz",
			"integrity": "sha512-/nJwTswQgnRurpK+bGJFH1oM7naD5qDmHd89JyiKNT2oOKD8marW0QSBtuFnwEbL5aGCS8AmrhXQgNOsn4osAw==",
			"license": "MIT",
			"dependencies": {
				"immer": "^9.0.6",
				"is-plain-object": "^5.0.0",
				"tiny-warning": "^1.0.3"
			}
		},
		"node_modules/slate-history": {
			"version": "0.109.0",
			"resolved": "https://registry.npmmirror.com/slate-history/-/slate-history-0.109.0.tgz",
			"integrity": "sha512-DHavPwrTTAEAV66eAocB3iQHEj65N6IVtbRK98ZuqGT0S44T3zXlhzY+5SZ7EPxRcoOYVt1dioRxXYM/+PmCiQ==",
			"license": "MIT",
			"dependencies": {
				"is-plain-object": "^5.0.0"
			},
			"peerDependencies": {
				"slate": ">=0.65.3"
			}
		},
		"node_modules/snabbdom": {
			"version": "3.6.2",
			"resolved": "https://registry.npmmirror.com/snabbdom/-/snabbdom-3.6.2.tgz",
			"integrity": "sha512-ig5qOnCDbugFntKi6c7Xlib8bA6xiJVk8O+WdFrV3wxbMqeHO0hXFQC4nAhPVWfZfi8255lcZkNhtIBINCc4+Q==",
			"license": "MIT",
			"engines": {
				"node": ">=12.17.0"
			}
		},
		"node_modules/sortablejs": {
			"version": "1.15.6",
			"resolved": "https://registry.npmjs.org/sortablejs/-/sortablejs-1.15.6.tgz",
			"integrity": "sha512-aNfiuwMEpfBM/CN6LY0ibyhxPfPbyFeBTYJKCvzkJ2GkUpazIt3H+QIPAMHwqQ7tMKaHz1Qj+rJJCqljnf4p3A==",
			"license": "MIT",
			"peer": true
		},
		"node_modules/source-map-js": {
			"version": "1.2.1",
			"resolved": "https://registry.npmjs.org/source-map-js/-/source-map-js-1.2.1.tgz",
			"integrity": "sha512-UXWMKhLOwVKb728IUtQPXxfYU+usdybtUrK/8uGE8CQMvrhOpwvzDBwj0QhSL7MQc7vIsISBG8VQ8+IDQxpfQA==",
			"license": "BSD-3-Clause",
			"peer": true,
			"engines": {
				"node": ">=0.10.0"
			}
		},
		"node_modules/ssr-window": {
			"version": "4.0.2",
			"resolved": "https://registry.npmmirror.com/ssr-window/-/ssr-window-4.0.2.tgz",
			"integrity": "sha512-ISv/Ch+ig7SOtw7G2+qkwfVASzazUnvlDTwypdLoPoySv+6MqlOV10VwPSE6EWkGjhW50lUmghPmpYZXMu/+AQ==",
			"license": "MIT"
		},
		"node_modules/tiny-warning": {
			"version": "1.0.3",
			"resolved": "https://registry.npmmirror.com/tiny-warning/-/tiny-warning-1.0.3.tgz",
			"integrity": "sha512-lBN9zLN/oAf68o3zNXYrdCt1kP8WsiGW8Oo2ka41b2IM5JL/S1CTyX1rW0mb/zSuJun0ZUrDxx4sqvYS2FWzPA==",
			"license": "MIT"
		},
		"node_modules/type": {
			"version": "2.7.3",
			"resolved": "https://registry.npmmirror.com/type/-/type-2.7.3.tgz",
			"integrity": "sha512-8j+1QmAbPvLZow5Qpi6NCaN8FB60p/6x8/vfNqOk/hC+HuvFZhL4+WfekuhQLiqFZXOgQdrs3B+XxEmCc6b3FQ==",
			"license": "ISC"
		},
		"node_modules/vue": {
			"version": "3.5.13",
			"resolved": "https://registry.npmjs.org/vue/-/vue-3.5.13.tgz",
			"integrity": "sha512-wmeiSMxkZCSc+PM2w2VRsOYAZC8GdipNFRTsLSfodVqI9mbejKeXEGr8SckuLnrQPGe3oJN5c3K0vpoU9q/wCQ==",
			"license": "MIT",
			"peer": true,
			"dependencies": {
				"@vue/compiler-dom": "3.5.13",
				"@vue/compiler-sfc": "3.5.13",
				"@vue/runtime-dom": "3.5.13",
				"@vue/server-renderer": "3.5.13",
				"@vue/shared": "3.5.13"
			},
			"peerDependencies": {
				"typescript": "*"
			},
			"peerDependenciesMeta": {
				"typescript": {
					"optional": true
				}
			}
		},
		"node_modules/vue-cropper": {
			"version": "1.1.4",
			"resolved": "https://registry.npmjs.org/vue-cropper/-/vue-cropper-1.1.4.tgz",
			"integrity": "sha512-5m98vBsCEI9rbS4JxELxXidtAui3qNyTHLHg67Qbn7g8cg+E6LcnC+hh3SM/p94x6mFh6KRxT1ttnta+wCYqWA==",
			"license": "ISC"
		},
		"node_modules/vue-draggable-next": {
			"version": "2.2.1",
			"resolved": "https://registry.npmjs.org/vue-draggable-next/-/vue-draggable-next-2.2.1.tgz",
			"integrity": "sha512-EAMS1IRHF0kZO0o5PMOinsQsXIqsrKT1hKmbICxG3UEtn7zLFkLxlAtajcCcUTisNvQ6TtCB5COjD9a1raNADw==",
			"license": "MIT",
			"peerDependencies": {
				"sortablejs": "^1.14.0",
				"vue": "^3.2.2"
			}
		},
		"node_modules/wildcard": {
			"version": "1.1.2",
			"resolved": "https://registry.npmmirror.com/wildcard/-/wildcard-1.1.2.tgz",
			"integrity": "sha512-DXukZJxpHA8LuotRwL0pP1+rS6CS7FF2qStDDE1C7DDg2rLud2PXRMuEDYIPhgEezwnlHNL4c+N6MfMTjCGTng==",
			"license": "MIT"
		}
	}
}
