{
  "name": "client-activity-everyday",
  "lockfileVersion": 3,
  "requires": true,
  "packages": {
    "": {
      "name": "client-activity-everyday",
      "dependencies": {
        "custom-utils": "file:../common/custom-utils",
        "dayjs": "^1.11.13"
      }
    },
    "../common/custom-utils": {
      "version": "1.0.0",
      "license": "ISC",
      "dependencies": {
        "uni-id-common": "file:../../../../uni_modules/uni-id-common/uniCloud/cloudfunctions/common/uni-id-common"
      }
    },
    "node_modules/custom-utils": {
      "resolved": "../common/custom-utils",
      "link": true
    },
    "node_modules/dayjs": {
      "version": "1.11.13",
      "resolved": "https://registry.npmjs.org/dayjs/-/dayjs-1.11.13.tgz",
      "integrity": "sha512-oaMBel6gjolK862uaPQOVTA7q3TZhuSvuMQAAglQDOWYO9A91IrAOUJEyKVlqJlHE0vq5p5UXxzdPfMH/x6xNg=="
    }
  }
}
